// !$*UTF8*$!
{
	archiveVersion = 1;
	classes = {
	};
	objectVersion = 46;
	objects = {

/* Begin PBXBuildFile section */
		607FACD61AFB9204008FA782 /* AppDelegate.swift in Sources */ = {isa = PBXBuildFile; fileRef = 607FACD51AFB9204008FA782 /* AppDelegate.swift */; };
		607FACD81AFB9204008FA782 /* ViewController.swift in Sources */ = {isa = PBXBuildFile; fileRef = 607FACD71AFB9204008FA782 /* ViewController.swift */; };
		607FACDB1AFB9204008FA782 /* Main.storyboard in Resources */ = {isa = PBXBuildFile; fileRef = 607FACD91AFB9204008FA782 /* Main.storyboard */; };
		607FACDD1AFB9204008FA782 /* Images.xcassets in Resources */ = {isa = PBXBuildFile; fileRef = 607FACDC1AFB9204008FA782 /* Images.xcassets */; };
		607FACE01AFB9204008FA782 /* LaunchScreen.xib in Resources */ = {isa = PBXBuildFile; fileRef = 607FACDE1AFB9204008FA782 /* LaunchScreen.xib */; };
		607FACEC1AFB9204008FA782 /* Tests.swift in Sources */ = {isa = PBXBuildFile; fileRef = 607FACEB1AFB9204008FA782 /* Tests.swift */; };
		6F337C824DB7574EEDA8C564 /* Pods_EnolaGay_Tests.framework in Frameworks */ = {isa = PBXBuildFile; fileRef = 39E3731438F1EBC192427EC6 /* Pods_EnolaGay_Tests.framework */; };
		8B0B90AB262832830059B992 /* TestTableRefreshTableViewCtrl.swift in Sources */ = {isa = PBXBuildFile; fileRef = 8B0B90AA262832830059B992 /* TestTableRefreshTableViewCtrl.swift */; };
		8B0B90B12628328E0059B992 /* Refresh.storyboard in Resources */ = {isa = PBXBuildFile; fileRef = 8B0B90B02628328E0059B992 /* Refresh.storyboard */; };
		8B1A499025C8354700FDA57A /* LangRenSha.storyboard in Resources */ = {isa = PBXBuildFile; fileRef = 8B1A498F25C8354700FDA57A /* LangRenSha.storyboard */; };
		8B1AA67325A74AE60063BE04 /* JudyLivePageViewTest.swift in Sources */ = {isa = PBXBuildFile; fileRef = 8B1AA67225A74AE60063BE04 /* JudyLivePageViewTest.swift */; };
		8B1AA67425A74AE60063BE04 /* JudyLivePageViewTest.swift in Sources */ = {isa = PBXBuildFile; fileRef = 8B1AA67225A74AE60063BE04 /* JudyLivePageViewTest.swift */; };
		8B1AA67925A74B600063BE04 /* JudyLivePageViewCtrl.storyboard in Resources */ = {isa = PBXBuildFile; fileRef = 8B1AA67825A74B600063BE04 /* JudyLivePageViewCtrl.storyboard */; };
		8B1AA67A25A74B600063BE04 /* JudyLivePageViewCtrl.storyboard in Resources */ = {isa = PBXBuildFile; fileRef = 8B1AA67825A74B600063BE04 /* JudyLivePageViewCtrl.storyboard */; };
		8B1AA68025A74C1B0063BE04 /* LiveModelViewCtrl.swift in Sources */ = {isa = PBXBuildFile; fileRef = 8B1AA67F25A74C1B0063BE04 /* LiveModelViewCtrl.swift */; };
		8B1AA68125A74C1B0063BE04 /* LiveModelViewCtrl.swift in Sources */ = {isa = PBXBuildFile; fileRef = 8B1AA67F25A74C1B0063BE04 /* LiveModelViewCtrl.swift */; };
		8B372D11268E9F3E004840FC /* Assets.xcassets in Resources */ = {isa = PBXBuildFile; fileRef = 8B372D08268E9F3E004840FC /* Assets.xcassets */; };
		8B372D12268E9F3E004840FC /* rescheduler.gif in Resources */ = {isa = PBXBuildFile; fileRef = 8B372D09268E9F3E004840FC /* rescheduler.gif */; };
		8B372D1D268EA105004840FC /* MandolineViewController.swift in Sources */ = {isa = PBXBuildFile; fileRef = 8B372D1A268EA104004840FC /* MandolineViewController.swift */; };
		8B372D1F268EA105004840FC /* Mandoline.storyboard in Resources */ = {isa = PBXBuildFile; fileRef = 8B372D1C268EA105004840FC /* Mandoline.storyboard */; };
		8B372D22268FFA0C004840FC /* HPicker.storyboard in Resources */ = {isa = PBXBuildFile; fileRef = 8B372D21268FFA0B004840FC /* HPicker.storyboard */; };
		8B372D24268FFA2E004840FC /* HPicker.swift in Sources */ = {isa = PBXBuildFile; fileRef = 8B372D23268FFA2D004840FC /* HPicker.swift */; };
		8B372D26268FFA9C004840FC /* HPickerViewCtrl.swift in Sources */ = {isa = PBXBuildFile; fileRef = 8B372D25268FFA9C004840FC /* HPickerViewCtrl.swift */; };
		8B491DA72698749E00BA782C /* CastSurelyCalculation.storyboard in Resources */ = {isa = PBXBuildFile; fileRef = 8B491DA62698749E00BA782C /* CastSurelyCalculation.storyboard */; };
		8B491DA9269874F200BA782C /* CastSurelyCalculationViewCtrl.swift in Sources */ = {isa = PBXBuildFile; fileRef = 8B491DA8269874F200BA782C /* CastSurelyCalculationViewCtrl.swift */; };
		8B4A4DE3266E0E37007D6DC5 /* NavigatinCtrl.storyboard in Resources */ = {isa = PBXBuildFile; fileRef = 8B4A4DE2266E0E37007D6DC5 /* NavigatinCtrl.storyboard */; };
		8B4A4DE5266E0E8F007D6DC5 /* NavigatinMainViewCtrl.swift in Sources */ = {isa = PBXBuildFile; fileRef = 8B4A4DE4266E0E8F007D6DC5 /* NavigatinMainViewCtrl.swift */; };
		8B4A4DEB266F0B8C007D6DC5 /* DouYin.storyboard in Resources */ = {isa = PBXBuildFile; fileRef = 8B4A4DEA266F0B8B007D6DC5 /* DouYin.storyboard */; };
		8B4A4DED266F0C3F007D6DC5 /* DouYonHomeViewCtrl.swift in Sources */ = {isa = PBXBuildFile; fileRef = 8B4A4DEC266F0C3F007D6DC5 /* DouYonHomeViewCtrl.swift */; };
		8B76429025A702C400A418F8 /* AppConfigs.swift in Sources */ = {isa = PBXBuildFile; fileRef = 8B76428F25A702C400A418F8 /* AppConfigs.swift */; };
		8B76429625A7036500A418F8 /* ApiTestViewCtrl.swift in Sources */ = {isa = PBXBuildFile; fileRef = 8B76429525A7036500A418F8 /* ApiTestViewCtrl.swift */; };
		8B81AA1B261EEF74003A194B /* KeyBoardPopUp.storyboard in Resources */ = {isa = PBXBuildFile; fileRef = 8B81AA1A261EEF74003A194B /* KeyBoardPopUp.storyboard */; };
		8B81AA1F261EEF85003A194B /* KeyBoardPopUpViewCtrl.swift in Sources */ = {isa = PBXBuildFile; fileRef = 8B81AA1E261EEF85003A194B /* KeyBoardPopUpViewCtrl.swift */; };
		8BA9AA01260EDAAC008B1803 /* AttributedStringViewController.swift in Sources */ = {isa = PBXBuildFile; fileRef = 8BA9AA00260EDAAC008B1803 /* AttributedStringViewController.swift */; };
		8BA9AA05260EDAB8008B1803 /* AttributedString.storyboard in Resources */ = {isa = PBXBuildFile; fileRef = 8BA9AA04260EDAB8008B1803 /* AttributedString.storyboard */; };
		8BB8861E265CF30A00E8836D /* GiftMessageViewCtrlTest.swift in Sources */ = {isa = PBXBuildFile; fileRef = 8BB8861D265CF30A00E8836D /* GiftMessageViewCtrlTest.swift */; };
		8BB88621265CF32800E8836D /* GiftMessageViewCtrlTest.storyboard in Resources */ = {isa = PBXBuildFile; fileRef = 8BB88620265CF32800E8836D /* GiftMessageViewCtrlTest.storyboard */; };
		8BBD55302670A0B200C7B48E /* MyPlayer.storyboard in Resources */ = {isa = PBXBuildFile; fileRef = 8BBD552F2670A0B200C7B48E /* MyPlayer.storyboard */; };
		8BBD55322670A0C900C7B48E /* MyPlayerViewCtrl.swift in Sources */ = {isa = PBXBuildFile; fileRef = 8BBD55312670A0C900C7B48E /* MyPlayerViewCtrl.swift */; };
		8BBD55342670AE7000C7B48E /* VideoCell.xib in Resources */ = {isa = PBXBuildFile; fileRef = 8BBD55332670AE7000C7B48E /* VideoCell.xib */; };
		8BBD55362670AE8C00C7B48E /* VideoCell.swift in Sources */ = {isa = PBXBuildFile; fileRef = 8BBD55352670AE8C00C7B48E /* VideoCell.swift */; };
		8BD8C6952628636B006738E6 /* TestCollectionRefreshCollectionViewCtrl.swift in Sources */ = {isa = PBXBuildFile; fileRef = 8BD8C6942628636B006738E6 /* TestCollectionRefreshCollectionViewCtrl.swift */; };
		8BFCC83725E38684000B1611 /* VerticalScrollView.storyboard in Resources */ = {isa = PBXBuildFile; fileRef = 8BFCC83625E38684000B1611 /* VerticalScrollView.storyboard */; };
		8BFCC83E25E39725000B1611 /* VerticalScrollViewCtrl.swift in Sources */ = {isa = PBXBuildFile; fileRef = 8BFCC83225E38602000B1611 /* VerticalScrollViewCtrl.swift */; };
		9DC7BC7100ED3705BDB81B72 /* Pods_EnolaGay_Example.framework in Frameworks */ = {isa = PBXBuildFile; fileRef = BC7CAC302FF14B8C947237A0 /* Pods_EnolaGay_Example.framework */; };
/* End PBXBuildFile section */

/* Begin PBXContainerItemProxy section */
		607FACE61AFB9204008FA782 /* PBXContainerItemProxy */ = {
			isa = PBXContainerItemProxy;
			containerPortal = 607FACC81AFB9204008FA782 /* Project object */;
			proxyType = 1;
			remoteGlobalIDString = 607FACCF1AFB9204008FA782;
			remoteInfo = EnolaGay;
		};
/* End PBXContainerItemProxy section */

/* Begin PBXFileReference section */
		23F1A9FFE10BA8A787D6AA62 /* Pods-EnolaGay_Example.debug.xcconfig */ = {isa = PBXFileReference; includeInIndex = 1; lastKnownFileType = text.xcconfig; name = "Pods-EnolaGay_Example.debug.xcconfig"; path = "Target Support Files/Pods-EnolaGay_Example/Pods-EnolaGay_Example.debug.xcconfig"; sourceTree = "<group>"; };
		3448F43C0484DBEAC0D6AB18 /* README.md */ = {isa = PBXFileReference; includeInIndex = 1; lastKnownFileType = net.daringfireball.markdown; name = README.md; path = ../README.md; sourceTree = "<group>"; };
		39E3731438F1EBC192427EC6 /* Pods_EnolaGay_Tests.framework */ = {isa = PBXFileReference; explicitFileType = wrapper.framework; includeInIndex = 0; path = Pods_EnolaGay_Tests.framework; sourceTree = BUILT_PRODUCTS_DIR; };
		505B9E48BD5047D8ED862E68 /* Pods-EnolaGay_Tests.release.xcconfig */ = {isa = PBXFileReference; includeInIndex = 1; lastKnownFileType = text.xcconfig; name = "Pods-EnolaGay_Tests.release.xcconfig"; path = "Target Support Files/Pods-EnolaGay_Tests/Pods-EnolaGay_Tests.release.xcconfig"; sourceTree = "<group>"; };
		5D849979F9CC82D37AB0E47D /* LICENSE */ = {isa = PBXFileReference; includeInIndex = 1; lastKnownFileType = text; name = LICENSE; path = ../LICENSE; sourceTree = "<group>"; };
		607FACD01AFB9204008FA782 /* EnolaGay_Example.app */ = {isa = PBXFileReference; explicitFileType = wrapper.application; includeInIndex = 0; path = EnolaGay_Example.app; sourceTree = BUILT_PRODUCTS_DIR; };
		607FACD41AFB9204008FA782 /* Info.plist */ = {isa = PBXFileReference; lastKnownFileType = text.plist.xml; path = Info.plist; sourceTree = "<group>"; };
		607FACD51AFB9204008FA782 /* AppDelegate.swift */ = {isa = PBXFileReference; lastKnownFileType = sourcecode.swift; path = AppDelegate.swift; sourceTree = "<group>"; };
		607FACD71AFB9204008FA782 /* ViewController.swift */ = {isa = PBXFileReference; lastKnownFileType = sourcecode.swift; path = ViewController.swift; sourceTree = "<group>"; };
		607FACDA1AFB9204008FA782 /* Base */ = {isa = PBXFileReference; lastKnownFileType = file.storyboard; name = Base; path = Base.lproj/Main.storyboard; sourceTree = "<group>"; };
		607FACDC1AFB9204008FA782 /* Images.xcassets */ = {isa = PBXFileReference; lastKnownFileType = folder.assetcatalog; path = Images.xcassets; sourceTree = "<group>"; };
		607FACDF1AFB9204008FA782 /* Base */ = {isa = PBXFileReference; lastKnownFileType = file.xib; name = Base; path = Base.lproj/LaunchScreen.xib; sourceTree = "<group>"; };
		607FACE51AFB9204008FA782 /* EnolaGay_Tests.xctest */ = {isa = PBXFileReference; explicitFileType = wrapper.cfbundle; includeInIndex = 0; path = EnolaGay_Tests.xctest; sourceTree = BUILT_PRODUCTS_DIR; };
		607FACEA1AFB9204008FA782 /* Info.plist */ = {isa = PBXFileReference; lastKnownFileType = text.plist.xml; path = Info.plist; sourceTree = "<group>"; };
		607FACEB1AFB9204008FA782 /* Tests.swift */ = {isa = PBXFileReference; lastKnownFileType = sourcecode.swift; path = Tests.swift; sourceTree = "<group>"; };
		7747A34155239783B6CF9842 /* EnolaGay.podspec */ = {isa = PBXFileReference; includeInIndex = 1; lastKnownFileType = text; name = EnolaGay.podspec; path = ../EnolaGay.podspec; sourceTree = "<group>"; xcLanguageSpecificationIdentifier = xcode.lang.ruby; };
		8B0B90AA262832830059B992 /* TestTableRefreshTableViewCtrl.swift */ = {isa = PBXFileReference; lastKnownFileType = sourcecode.swift; path = TestTableRefreshTableViewCtrl.swift; sourceTree = "<group>"; };
		8B0B90B02628328E0059B992 /* Refresh.storyboard */ = {isa = PBXFileReference; lastKnownFileType = file.storyboard; path = Refresh.storyboard; sourceTree = "<group>"; };
		8B1A498F25C8354700FDA57A /* LangRenSha.storyboard */ = {isa = PBXFileReference; lastKnownFileType = file.storyboard; path = LangRenSha.storyboard; sourceTree = "<group>"; };
		8B1AA67225A74AE60063BE04 /* JudyLivePageViewTest.swift */ = {isa = PBXFileReference; lastKnownFileType = sourcecode.swift; path = JudyLivePageViewTest.swift; sourceTree = "<group>"; };
		8B1AA67825A74B600063BE04 /* JudyLivePageViewCtrl.storyboard */ = {isa = PBXFileReference; lastKnownFileType = file.storyboard; path = JudyLivePageViewCtrl.storyboard; sourceTree = "<group>"; };
		8B1AA67F25A74C1B0063BE04 /* LiveModelViewCtrl.swift */ = {isa = PBXFileReference; lastKnownFileType = sourcecode.swift; path = LiveModelViewCtrl.swift; sourceTree = "<group>"; };
		8B372D08268E9F3E004840FC /* Assets.xcassets */ = {isa = PBXFileReference; lastKnownFileType = folder.assetcatalog; path = Assets.xcassets; sourceTree = "<group>"; };
		8B372D09268E9F3E004840FC /* rescheduler.gif */ = {isa = PBXFileReference; lastKnownFileType = image.gif; path = rescheduler.gif; sourceTree = "<group>"; };
		8B372D1A268EA104004840FC /* MandolineViewController.swift */ = {isa = PBXFileReference; fileEncoding = 4; lastKnownFileType = sourcecode.swift; path = MandolineViewController.swift; sourceTree = "<group>"; };
		8B372D1C268EA105004840FC /* Mandoline.storyboard */ = {isa = PBXFileReference; fileEncoding = 4; lastKnownFileType = file.storyboard; path = Mandoline.storyboard; sourceTree = "<group>"; };
		8B372D21268FFA0B004840FC /* HPicker.storyboard */ = {isa = PBXFileReference; lastKnownFileType = file.storyboard; path = HPicker.storyboard; sourceTree = "<group>"; };
		8B372D23268FFA2D004840FC /* HPicker.swift */ = {isa = PBXFileReference; fileEncoding = 4; lastKnownFileType = sourcecode.swift; path = HPicker.swift; sourceTree = "<group>"; };
		8B372D25268FFA9C004840FC /* HPickerViewCtrl.swift */ = {isa = PBXFileReference; lastKnownFileType = sourcecode.swift; path = HPickerViewCtrl.swift; sourceTree = "<group>"; };
		8B486BF726087A8A001EEEB5 /* SegmentedTestViewCtrl.swift */ = {isa = PBXFileReference; lastKnownFileType = sourcecode.swift; path = SegmentedTestViewCtrl.swift; sourceTree = "<group>"; };
		8B491DA62698749E00BA782C /* CastSurelyCalculation.storyboard */ = {isa = PBXFileReference; lastKnownFileType = file.storyboard; path = CastSurelyCalculation.storyboard; sourceTree = "<group>"; };
		8B491DA8269874F200BA782C /* CastSurelyCalculationViewCtrl.swift */ = {isa = PBXFileReference; lastKnownFileType = sourcecode.swift; path = CastSurelyCalculationViewCtrl.swift; sourceTree = "<group>"; };
		8B4A4DE2266E0E37007D6DC5 /* NavigatinCtrl.storyboard */ = {isa = PBXFileReference; lastKnownFileType = file.storyboard; path = NavigatinCtrl.storyboard; sourceTree = "<group>"; };
		8B4A4DE4266E0E8F007D6DC5 /* NavigatinMainViewCtrl.swift */ = {isa = PBXFileReference; lastKnownFileType = sourcecode.swift; path = NavigatinMainViewCtrl.swift; sourceTree = "<group>"; };
		8B4A4DEA266F0B8B007D6DC5 /* DouYin.storyboard */ = {isa = PBXFileReference; lastKnownFileType = file.storyboard; path = DouYin.storyboard; sourceTree = "<group>"; };
		8B4A4DEC266F0C3F007D6DC5 /* DouYonHomeViewCtrl.swift */ = {isa = PBXFileReference; lastKnownFileType = sourcecode.swift; path = DouYonHomeViewCtrl.swift; sourceTree = "<group>"; };
		8B5D11AF269968CE004E9732 /* main.swift */ = {isa = PBXFileReference; lastKnownFileType = sourcecode.swift; path = main.swift; sourceTree = "<group>"; };
		8B76428F25A702C400A418F8 /* AppConfigs.swift */ = {isa = PBXFileReference; fileEncoding = 4; lastKnownFileType = sourcecode.swift; path = AppConfigs.swift; sourceTree = "<group>"; };
		8B76429525A7036500A418F8 /* ApiTestViewCtrl.swift */ = {isa = PBXFileReference; lastKnownFileType = sourcecode.swift; path = ApiTestViewCtrl.swift; sourceTree = "<group>"; };
		8B8038772687F253006745A6 /* 深圳东站东广场.gpx */ = {isa = PBXFileReference; lastKnownFileType = text.xml; path = "深圳东站东广场.gpx"; sourceTree = "<group>"; };
		8B8038782687F290006745A6 /* 深圳北站.gpx */ = {isa = PBXFileReference; lastKnownFileType = text.xml; path = "深圳北站.gpx"; sourceTree = "<group>"; };
		8B81AA1A261EEF74003A194B /* KeyBoardPopUp.storyboard */ = {isa = PBXFileReference; lastKnownFileType = file.storyboard; path = KeyBoardPopUp.storyboard; sourceTree = "<group>"; };
		8B81AA1E261EEF85003A194B /* KeyBoardPopUpViewCtrl.swift */ = {isa = PBXFileReference; lastKnownFileType = sourcecode.swift; path = KeyBoardPopUpViewCtrl.swift; sourceTree = "<group>"; };
		8B8E2BF92660920200B16E49 /* 深圳龙岗天安数码城.gpx */ = {isa = PBXFileReference; lastKnownFileType = text.xml; path = "深圳龙岗天安数码城.gpx"; sourceTree = "<group>"; };
		8B8E2BFA2660929100B16E49 /* 陆港电商小镇.gpx */ = {isa = PBXFileReference; lastKnownFileType = text.xml; path = "陆港电商小镇.gpx"; sourceTree = "<group>"; };
		8BA9AA00260EDAAC008B1803 /* AttributedStringViewController.swift */ = {isa = PBXFileReference; lastKnownFileType = sourcecode.swift; path = AttributedStringViewController.swift; sourceTree = "<group>"; };
		8BA9AA04260EDAB8008B1803 /* AttributedString.storyboard */ = {isa = PBXFileReference; lastKnownFileType = file.storyboard; path = AttributedString.storyboard; sourceTree = "<group>"; };
		8BB8861D265CF30A00E8836D /* GiftMessageViewCtrlTest.swift */ = {isa = PBXFileReference; lastKnownFileType = sourcecode.swift; path = GiftMessageViewCtrlTest.swift; sourceTree = "<group>"; };
		8BB88620265CF32800E8836D /* GiftMessageViewCtrlTest.storyboard */ = {isa = PBXFileReference; lastKnownFileType = file.storyboard; path = GiftMessageViewCtrlTest.storyboard; sourceTree = "<group>"; };
		8BBD552F2670A0B200C7B48E /* MyPlayer.storyboard */ = {isa = PBXFileReference; lastKnownFileType = file.storyboard; path = MyPlayer.storyboard; sourceTree = "<group>"; };
		8BBD55312670A0C900C7B48E /* MyPlayerViewCtrl.swift */ = {isa = PBXFileReference; lastKnownFileType = sourcecode.swift; path = MyPlayerViewCtrl.swift; sourceTree = "<group>"; };
		8BBD55332670AE7000C7B48E /* VideoCell.xib */ = {isa = PBXFileReference; fileEncoding = 4; lastKnownFileType = file.xib; path = VideoCell.xib; sourceTree = "<group>"; };
		8BBD55352670AE8C00C7B48E /* VideoCell.swift */ = {isa = PBXFileReference; lastKnownFileType = sourcecode.swift; path = VideoCell.swift; sourceTree = "<group>"; };
		8BD8C6942628636B006738E6 /* TestCollectionRefreshCollectionViewCtrl.swift */ = {isa = PBXFileReference; lastKnownFileType = sourcecode.swift; path = TestCollectionRefreshCollectionViewCtrl.swift; sourceTree = "<group>"; };
		8BE5C0512667563700FEAF52 /* 湖南郴州.gpx */ = {isa = PBXFileReference; lastKnownFileType = text.xml; path = "湖南郴州.gpx"; sourceTree = "<group>"; };
		8BE5C0522667563800FEAF52 /* 福建龙岩.gpx */ = {isa = PBXFileReference; lastKnownFileType = text.xml; path = "福建龙岩.gpx"; sourceTree = "<group>"; };
		8BE5C0532667563A00FEAF52 /* 广东清远.gpx */ = {isa = PBXFileReference; lastKnownFileType = text.xml; path = "广东清远.gpx"; sourceTree = "<group>"; };
		8BE5C0542667570F00FEAF52 /* 广东韶关.gpx */ = {isa = PBXFileReference; lastKnownFileType = text.xml; path = "广东韶关.gpx"; sourceTree = "<group>"; };
		8BE5C0552667583200FEAF52 /* 浙江台州.gpx */ = {isa = PBXFileReference; lastKnownFileType = text.xml; path = "浙江台州.gpx"; sourceTree = "<group>"; };
		8BE5C0562667592D00FEAF52 /* 天津.gpx */ = {isa = PBXFileReference; lastKnownFileType = text.xml; path = "天津.gpx"; sourceTree = "<group>"; };
		8BFCC83225E38602000B1611 /* VerticalScrollViewCtrl.swift */ = {isa = PBXFileReference; fileEncoding = 4; lastKnownFileType = sourcecode.swift; path = VerticalScrollViewCtrl.swift; sourceTree = "<group>"; };
		8BFCC83625E38684000B1611 /* VerticalScrollView.storyboard */ = {isa = PBXFileReference; lastKnownFileType = file.storyboard; path = VerticalScrollView.storyboard; sourceTree = "<group>"; };
		BC7CAC302FF14B8C947237A0 /* Pods_EnolaGay_Example.framework */ = {isa = PBXFileReference; explicitFileType = wrapper.framework; includeInIndex = 0; path = Pods_EnolaGay_Example.framework; sourceTree = BUILT_PRODUCTS_DIR; };
		CD1DE04F1997751A15C4B0A0 /* Pods-EnolaGay_Example.release.xcconfig */ = {isa = PBXFileReference; includeInIndex = 1; lastKnownFileType = text.xcconfig; name = "Pods-EnolaGay_Example.release.xcconfig"; path = "Target Support Files/Pods-EnolaGay_Example/Pods-EnolaGay_Example.release.xcconfig"; sourceTree = "<group>"; };
		F610A598021A3B0C943B999E /* Pods-EnolaGay_Tests.debug.xcconfig */ = {isa = PBXFileReference; includeInIndex = 1; lastKnownFileType = text.xcconfig; name = "Pods-EnolaGay_Tests.debug.xcconfig"; path = "Target Support Files/Pods-EnolaGay_Tests/Pods-EnolaGay_Tests.debug.xcconfig"; sourceTree = "<group>"; };
/* End PBXFileReference section */

/* Begin PBXFrameworksBuildPhase section */
		607FACCD1AFB9204008FA782 /* Frameworks */ = {
			isa = PBXFrameworksBuildPhase;
			buildActionMask = 2147483647;
			files = (
				9DC7BC7100ED3705BDB81B72 /* Pods_EnolaGay_Example.framework in Frameworks */,
			);
			runOnlyForDeploymentPostprocessing = 0;
		};
		607FACE21AFB9204008FA782 /* Frameworks */ = {
			isa = PBXFrameworksBuildPhase;
			buildActionMask = 2147483647;
			files = (
				6F337C824DB7574EEDA8C564 /* Pods_EnolaGay_Tests.framework in Frameworks */,
			);
			runOnlyForDeploymentPostprocessing = 0;
		};
/* End PBXFrameworksBuildPhase section */

/* Begin PBXGroup section */
		48F58D42A596E8C4AFE02DEE /* Pods */ = {
			isa = PBXGroup;
			children = (
				23F1A9FFE10BA8A787D6AA62 /* Pods-EnolaGay_Example.debug.xcconfig */,
				CD1DE04F1997751A15C4B0A0 /* Pods-EnolaGay_Example.release.xcconfig */,
				F610A598021A3B0C943B999E /* Pods-EnolaGay_Tests.debug.xcconfig */,
				505B9E48BD5047D8ED862E68 /* Pods-EnolaGay_Tests.release.xcconfig */,
			);
			path = Pods;
			sourceTree = "<group>";
		};
		607FACC71AFB9204008FA782 = {
			isa = PBXGroup;
			children = (
				607FACF51AFB993E008FA782 /* Podspec Metadata */,
				607FACD21AFB9204008FA782 /* Example for EnolaGay */,
				607FACE81AFB9204008FA782 /* Tests */,
				8B5D11AE269968CE004E9732 /* CommandLine */,
				607FACD11AFB9204008FA782 /* Products */,
				48F58D42A596E8C4AFE02DEE /* Pods */,
				C2843BD89BA8C609ED35D6C4 /* Frameworks */,
			);
			sourceTree = "<group>";
		};
		607FACD11AFB9204008FA782 /* Products */ = {
			isa = PBXGroup;
			children = (
				607FACD01AFB9204008FA782 /* EnolaGay_Example.app */,
				607FACE51AFB9204008FA782 /* EnolaGay_Tests.xctest */,
			);
			name = Products;
			sourceTree = "<group>";
		};
		607FACD21AFB9204008FA782 /* Example for EnolaGay */ = {
			isa = PBXGroup;
			children = (
				8B491DA52698742300BA782C /* CastSurelyCalculation */,
				8B372D20268FF9F8004840FC /* HPicker */,
				8B372D13268EA06F004840FC /* Mandoline */,
				8BBD552E2670A0A200C7B48E /* MyPlayer */,
				8B4A4DE9266F0B7B007D6DC5 /* DouYinHome */,
				8B4A4DE1266E0E23007D6DC5 /* NavigationCtrl */,
				8B0B90A9262832650059B992 /* RefreshTest */,
				8B81AA19261EEF63003A194B /* 键盘优化 */,
				8BFCC83125E385F9000B1611 /* 垂直轮播图 */,
				8B1A498E25C8353100FDA57A /* LangRenSha */,
				8B1AA67725A74B350063BE04 /* JudyLivePageViewCtrl */,
				8BA9A9FF260EDA8E008B1803 /* AttributedString */,
				8B76428E25A702C400A418F8 /* Tests */,
				8BB8861F265CF31200E8836D /* GiftMessageViewCtrlTest */,
				607FACD51AFB9204008FA782 /* AppDelegate.swift */,
				8B76428F25A702C400A418F8 /* AppConfigs.swift */,
				607FACD91AFB9204008FA782 /* Main.storyboard */,
				607FACDC1AFB9204008FA782 /* Images.xcassets */,
				607FACDE1AFB9204008FA782 /* LaunchScreen.xib */,
				607FACD31AFB9204008FA782 /* Supporting Files */,
			);
			name = "Example for EnolaGay";
			path = EnolaGay;
			sourceTree = "<group>";
		};
		607FACD31AFB9204008FA782 /* Supporting Files */ = {
			isa = PBXGroup;
			children = (
				8B8E2BF92660920200B16E49 /* 深圳龙岗天安数码城.gpx */,
				8B8038772687F253006745A6 /* 深圳东站东广场.gpx */,
				8B8038782687F290006745A6 /* 深圳北站.gpx */,
				8B8E2BFA2660929100B16E49 /* 陆港电商小镇.gpx */,
				8BE5C0512667563700FEAF52 /* 湖南郴州.gpx */,
				8BE5C0522667563800FEAF52 /* 福建龙岩.gpx */,
				8BE5C0532667563A00FEAF52 /* 广东清远.gpx */,
				8BE5C0542667570F00FEAF52 /* 广东韶关.gpx */,
				8BE5C0552667583200FEAF52 /* 浙江台州.gpx */,
				8BE5C0562667592D00FEAF52 /* 天津.gpx */,
				607FACD41AFB9204008FA782 /* Info.plist */,
			);
			name = "Supporting Files";
			sourceTree = "<group>";
		};
		607FACE81AFB9204008FA782 /* Tests */ = {
			isa = PBXGroup;
			children = (
				607FACEB1AFB9204008FA782 /* Tests.swift */,
				607FACE91AFB9204008FA782 /* Supporting Files */,
			);
			path = Tests;
			sourceTree = "<group>";
		};
		607FACE91AFB9204008FA782 /* Supporting Files */ = {
			isa = PBXGroup;
			children = (
				607FACEA1AFB9204008FA782 /* Info.plist */,
			);
			name = "Supporting Files";
			sourceTree = "<group>";
		};
		607FACF51AFB993E008FA782 /* Podspec Metadata */ = {
			isa = PBXGroup;
			children = (
				7747A34155239783B6CF9842 /* EnolaGay.podspec */,
				3448F43C0484DBEAC0D6AB18 /* README.md */,
				5D849979F9CC82D37AB0E47D /* LICENSE */,
			);
			name = "Podspec Metadata";
			sourceTree = "<group>";
		};
		8B0B90A9262832650059B992 /* RefreshTest */ = {
			isa = PBXGroup;
			children = (
				8B0B90AA262832830059B992 /* TestTableRefreshTableViewCtrl.swift */,
				8BD8C6942628636B006738E6 /* TestCollectionRefreshCollectionViewCtrl.swift */,
				8B0B90B02628328E0059B992 /* Refresh.storyboard */,
			);
			path = RefreshTest;
			sourceTree = "<group>";
		};
		8B1A498E25C8353100FDA57A /* LangRenSha */ = {
			isa = PBXGroup;
			children = (
				8B1A498F25C8354700FDA57A /* LangRenSha.storyboard */,
			);
			path = LangRenSha;
			sourceTree = "<group>";
		};
		8B1AA67725A74B350063BE04 /* JudyLivePageViewCtrl */ = {
			isa = PBXGroup;
			children = (
				8B1AA67225A74AE60063BE04 /* JudyLivePageViewTest.swift */,
				8B1AA67F25A74C1B0063BE04 /* LiveModelViewCtrl.swift */,
				8B1AA67825A74B600063BE04 /* JudyLivePageViewCtrl.storyboard */,
			);
			path = JudyLivePageViewCtrl;
			sourceTree = "<group>";
		};
		8B372CFD268E9F3E004840FC /* Mandoline */ = {
			isa = PBXGroup;
			children = (
				8B372D07268E9F3E004840FC /* Assets */,
			);
			path = Mandoline;
			sourceTree = "<group>";
		};
		8B372D07268E9F3E004840FC /* Assets */ = {
			isa = PBXGroup;
			children = (
				8B372D08268E9F3E004840FC /* Assets.xcassets */,
				8B372D09268E9F3E004840FC /* rescheduler.gif */,
			);
			path = Assets;
			sourceTree = "<group>";
		};
		8B372D13268EA06F004840FC /* Mandoline */ = {
			isa = PBXGroup;
			children = (
				8B372CFD268E9F3E004840FC /* Mandoline */,
				8B372D1C268EA105004840FC /* Mandoline.storyboard */,
				8B372D1A268EA104004840FC /* MandolineViewController.swift */,
			);
			path = Mandoline;
			sourceTree = "<group>";
		};
		8B372D20268FF9F8004840FC /* HPicker */ = {
			isa = PBXGroup;
			children = (
				8B372D23268FFA2D004840FC /* HPicker.swift */,
				8B372D21268FFA0B004840FC /* HPicker.storyboard */,
				8B372D25268FFA9C004840FC /* HPickerViewCtrl.swift */,
			);
			path = HPicker;
			sourceTree = "<group>";
		};
		8B491DA52698742300BA782C /* CastSurelyCalculation */ = {
			isa = PBXGroup;
			children = (
				8B491DA62698749E00BA782C /* CastSurelyCalculation.storyboard */,
				8B491DA8269874F200BA782C /* CastSurelyCalculationViewCtrl.swift */,
			);
			path = CastSurelyCalculation;
			sourceTree = "<group>";
		};
		8B4A4DE1266E0E23007D6DC5 /* NavigationCtrl */ = {
			isa = PBXGroup;
			children = (
				8B4A4DE2266E0E37007D6DC5 /* NavigatinCtrl.storyboard */,
				8B4A4DE4266E0E8F007D6DC5 /* NavigatinMainViewCtrl.swift */,
			);
			path = NavigationCtrl;
			sourceTree = "<group>";
		};
		8B4A4DE9266F0B7B007D6DC5 /* DouYinHome */ = {
			isa = PBXGroup;
			children = (
				8B4A4DEA266F0B8B007D6DC5 /* DouYin.storyboard */,
				8B4A4DEC266F0C3F007D6DC5 /* DouYonHomeViewCtrl.swift */,
			);
			path = DouYinHome;
			sourceTree = "<group>";
		};
		8B5D11AE269968CE004E9732 /* CommandLine */ = {
			isa = PBXGroup;
			children = (
				8B5D11AF269968CE004E9732 /* main.swift */,
			);
			path = CommandLine;
			sourceTree = "<group>";
		};
		8B76428E25A702C400A418F8 /* Tests */ = {
			isa = PBXGroup;
			children = (
				607FACD71AFB9204008FA782 /* ViewController.swift */,
				8B76429525A7036500A418F8 /* ApiTestViewCtrl.swift */,
				8B486BF726087A8A001EEEB5 /* SegmentedTestViewCtrl.swift */,
			);
			path = Tests;
			sourceTree = "<group>";
		};
		8B81AA19261EEF63003A194B /* 键盘优化 */ = {
			isa = PBXGroup;
			children = (
				8B81AA1A261EEF74003A194B /* KeyBoardPopUp.storyboard */,
				8B81AA1E261EEF85003A194B /* KeyBoardPopUpViewCtrl.swift */,
			);
			path = "键盘优化";
			sourceTree = "<group>";
		};
		8BA9A9FF260EDA8E008B1803 /* AttributedString */ = {
			isa = PBXGroup;
			children = (
				8BA9AA00260EDAAC008B1803 /* AttributedStringViewController.swift */,
				8BA9AA04260EDAB8008B1803 /* AttributedString.storyboard */,
			);
			path = AttributedString;
			sourceTree = "<group>";
		};
		8BB8861F265CF31200E8836D /* GiftMessageViewCtrlTest */ = {
			isa = PBXGroup;
			children = (
				8BB8861D265CF30A00E8836D /* GiftMessageViewCtrlTest.swift */,
				8BB88620265CF32800E8836D /* GiftMessageViewCtrlTest.storyboard */,
			);
			path = GiftMessageViewCtrlTest;
			sourceTree = "<group>";
		};
		8BBD552E2670A0A200C7B48E /* MyPlayer */ = {
			isa = PBXGroup;
			children = (
				8BBD552F2670A0B200C7B48E /* MyPlayer.storyboard */,
				8BBD55312670A0C900C7B48E /* MyPlayerViewCtrl.swift */,
				8BBD55332670AE7000C7B48E /* VideoCell.xib */,
				8BBD55352670AE8C00C7B48E /* VideoCell.swift */,
			);
			path = MyPlayer;
			sourceTree = "<group>";
		};
		8BFCC83125E385F9000B1611 /* 垂直轮播图 */ = {
			isa = PBXGroup;
			children = (
				8BFCC83225E38602000B1611 /* VerticalScrollViewCtrl.swift */,
				8BFCC83625E38684000B1611 /* VerticalScrollView.storyboard */,
			);
			path = "垂直轮播图";
			sourceTree = "<group>";
		};
		C2843BD89BA8C609ED35D6C4 /* Frameworks */ = {
			isa = PBXGroup;
			children = (
				BC7CAC302FF14B8C947237A0 /* Pods_EnolaGay_Example.framework */,
				39E3731438F1EBC192427EC6 /* Pods_EnolaGay_Tests.framework */,
			);
			name = Frameworks;
			sourceTree = "<group>";
		};
/* End PBXGroup section */

/* Begin PBXNativeTarget section */
		607FACCF1AFB9204008FA782 /* EnolaGay_Example */ = {
			isa = PBXNativeTarget;
			buildConfigurationList = 607FACEF1AFB9204008FA782 /* Build configuration list for PBXNativeTarget "EnolaGay_Example" */;
			buildPhases = (
				58377895BBF4D2C2D07C26C3 /* [CP] Check Pods Manifest.lock */,
				607FACCC1AFB9204008FA782 /* Sources */,
				607FACCD1AFB9204008FA782 /* Frameworks */,
				607FACCE1AFB9204008FA782 /* Resources */,
				E4767C32285CA50D12D8B6C5 /* [CP] Embed Pods Frameworks */,
			);
			buildRules = (
			);
			dependencies = (
			);
			name = EnolaGay_Example;
			productName = EnolaGay;
			productReference = 607FACD01AFB9204008FA782 /* EnolaGay_Example.app */;
			productType = "com.apple.product-type.application";
		};
		607FACE41AFB9204008FA782 /* EnolaGay_Tests */ = {
			isa = PBXNativeTarget;
			buildConfigurationList = 607FACF21AFB9204008FA782 /* Build configuration list for PBXNativeTarget "EnolaGay_Tests" */;
			buildPhases = (
				95AEF9803F872925FC283020 /* [CP] Check Pods Manifest.lock */,
				607FACE11AFB9204008FA782 /* Sources */,
				607FACE21AFB9204008FA782 /* Frameworks */,
				607FACE31AFB9204008FA782 /* Resources */,
			);
			buildRules = (
			);
			dependencies = (
				607FACE71AFB9204008FA782 /* PBXTargetDependency */,
			);
			name = EnolaGay_Tests;
			productName = Tests;
			productReference = 607FACE51AFB9204008FA782 /* EnolaGay_Tests.xctest */;
			productType = "com.apple.product-type.bundle.unit-test";
		};
/* End PBXNativeTarget section */

/* Begin PBXProject section */
		607FACC81AFB9204008FA782 /* Project object */ = {
			isa = PBXProject;
			attributes = {
				LastSwiftUpdateCheck = 1250;
				LastUpgradeCheck = 1230;
				ORGANIZATIONNAME = CocoaPods;
				TargetAttributes = {
					607FACCF1AFB9204008FA782 = {
						CreatedOnToolsVersion = 6.3.1;
						DevelopmentTeam = 325J3J39TM;
						LastSwiftMigration = 0900;
					};
					607FACE41AFB9204008FA782 = {
						CreatedOnToolsVersion = 6.3.1;
						DevelopmentTeam = 325J3J39TM;
						LastSwiftMigration = 0900;
						TestTargetID = 607FACCF1AFB9204008FA782;
					};
				};
			};
			buildConfigurationList = 607FACCB1AFB9204008FA782 /* Build configuration list for PBXProject "EnolaGay" */;
			compatibilityVersion = "Xcode 3.2";
			developmentRegion = en;
			hasScannedForEncodings = 0;
			knownRegions = (
				en,
				Base,
			);
			mainGroup = 607FACC71AFB9204008FA782;
			productRefGroup = 607FACD11AFB9204008FA782 /* Products */;
			projectDirPath = "";
			projectRoot = "";
			targets = (
				607FACCF1AFB9204008FA782 /* EnolaGay_Example */,
				607FACE41AFB9204008FA782 /* EnolaGay_Tests */,
			);
		};
/* End PBXProject section */

/* Begin PBXResourcesBuildPhase section */
		607FACCE1AFB9204008FA782 /* Resources */ = {
			isa = PBXResourcesBuildPhase;
			buildActionMask = 2147483647;
			files = (
				607FACDB1AFB9204008FA782 /* Main.storyboard in Resources */,
				607FACE01AFB9204008FA782 /* LaunchScreen.xib in Resources */,
				8B491DA72698749E00BA782C /* CastSurelyCalculation.storyboard in Resources */,
				8BB88621265CF32800E8836D /* GiftMessageViewCtrlTest.storyboard in Resources */,
				8B372D22268FFA0C004840FC /* HPicker.storyboard in Resources */,
				8BFCC83725E38684000B1611 /* VerticalScrollView.storyboard in Resources */,
				8B372D11268E9F3E004840FC /* Assets.xcassets in Resources */,
				8BBD55342670AE7000C7B48E /* VideoCell.xib in Resources */,
				8B372D1F268EA105004840FC /* Mandoline.storyboard in Resources */,
				607FACDD1AFB9204008FA782 /* Images.xcassets in Resources */,
				8B81AA1B261EEF74003A194B /* KeyBoardPopUp.storyboard in Resources */,
				8BA9AA05260EDAB8008B1803 /* AttributedString.storyboard in Resources */,
				8B372D12268E9F3E004840FC /* rescheduler.gif in Resources */,
				8BBD55302670A0B200C7B48E /* MyPlayer.storyboard in Resources */,
				8B0B90B12628328E0059B992 /* Refresh.storyboard in Resources */,
				8B4A4DEB266F0B8C007D6DC5 /* DouYin.storyboard in Resources */,
				8B4A4DE3266E0E37007D6DC5 /* NavigatinCtrl.storyboard in Resources */,
				8B1A499025C8354700FDA57A /* LangRenSha.storyboard in Resources */,
				8B1AA67925A74B600063BE04 /* JudyLivePageViewCtrl.storyboard in Resources */,
			);
			runOnlyForDeploymentPostprocessing = 0;
		};
		607FACE31AFB9204008FA782 /* Resources */ = {
			isa = PBXResourcesBuildPhase;
			buildActionMask = 2147483647;
			files = (
				8B1AA67A25A74B600063BE04 /* JudyLivePageViewCtrl.storyboard in Resources */,
			);
			runOnlyForDeploymentPostprocessing = 0;
		};
/* End PBXResourcesBuildPhase section */

/* Begin PBXShellScriptBuildPhase section */
		58377895BBF4D2C2D07C26C3 /* [CP] Check Pods Manifest.lock */ = {
			isa = PBXShellScriptBuildPhase;
			buildActionMask = 2147483647;
			files = (
			);
			inputFileListPaths = (
			);
			inputPaths = (
				"${PODS_PODFILE_DIR_PATH}/Podfile.lock",
				"${PODS_ROOT}/Manifest.lock",
			);
			name = "[CP] Check Pods Manifest.lock";
			outputFileListPaths = (
			);
			outputPaths = (
				"$(DERIVED_FILE_DIR)/Pods-EnolaGay_Example-checkManifestLockResult.txt",
			);
			runOnlyForDeploymentPostprocessing = 0;
			shellPath = /bin/sh;
			shellScript = "diff \"${PODS_PODFILE_DIR_PATH}/Podfile.lock\" \"${PODS_ROOT}/Manifest.lock\" > /dev/null\nif [ $? != 0 ] ; then\n    # print error to STDERR\n    echo \"error: The sandbox is not in sync with the Podfile.lock. Run 'pod install' or update your CocoaPods installation.\" >&2\n    exit 1\nfi\n# This output is used by Xcode 'outputs' to avoid re-running this script phase.\necho \"SUCCESS\" > \"${SCRIPT_OUTPUT_FILE_0}\"\n";
			showEnvVarsInLog = 0;
		};
		95AEF9803F872925FC283020 /* [CP] Check Pods Manifest.lock */ = {
			isa = PBXShellScriptBuildPhase;
			buildActionMask = 2147483647;
			files = (
			);
			inputFileListPaths = (
			);
			inputPaths = (
				"${PODS_PODFILE_DIR_PATH}/Podfile.lock",
				"${PODS_ROOT}/Manifest.lock",
			);
			name = "[CP] Check Pods Manifest.lock";
			outputFileListPaths = (
			);
			outputPaths = (
				"$(DERIVED_FILE_DIR)/Pods-EnolaGay_Tests-checkManifestLockResult.txt",
			);
			runOnlyForDeploymentPostprocessing = 0;
			shellPath = /bin/sh;
			shellScript = "diff \"${PODS_PODFILE_DIR_PATH}/Podfile.lock\" \"${PODS_ROOT}/Manifest.lock\" > /dev/null\nif [ $? != 0 ] ; then\n    # print error to STDERR\n    echo \"error: The sandbox is not in sync with the Podfile.lock. Run 'pod install' or update your CocoaPods installation.\" >&2\n    exit 1\nfi\n# This output is used by Xcode 'outputs' to avoid re-running this script phase.\necho \"SUCCESS\" > \"${SCRIPT_OUTPUT_FILE_0}\"\n";
			showEnvVarsInLog = 0;
		};
		E4767C32285CA50D12D8B6C5 /* [CP] Embed Pods Frameworks */ = {
			isa = PBXShellScriptBuildPhase;
			buildActionMask = 2147483647;
			files = (
			);
			inputPaths = (
				"${PODS_ROOT}/Target Support Files/Pods-EnolaGay_Example/Pods-EnolaGay_Example-frameworks.sh",
				"${BUILT_PRODUCTS_DIR}/Alamofire/Alamofire.framework",
				"${BUILT_PRODUCTS_DIR}/Cache/Cache.framework",
				"${BUILT_PRODUCTS_DIR}/EnolaGay/EnolaGay.framework",
				"${BUILT_PRODUCTS_DIR}/MJRefresh/MJRefresh.framework",
				"${BUILT_PRODUCTS_DIR}/Player/Player.framework",
				"${BUILT_PRODUCTS_DIR}/SwiftyJSON/SwiftyJSON.framework",
			);
			name = "[CP] Embed Pods Frameworks";
			outputPaths = (
				"${TARGET_BUILD_DIR}/${FRAMEWORKS_FOLDER_PATH}/Alamofire.framework",
				"${TARGET_BUILD_DIR}/${FRAMEWORKS_FOLDER_PATH}/Cache.framework",
				"${TARGET_BUILD_DIR}/${FRAMEWORKS_FOLDER_PATH}/EnolaGay.framework",
				"${TARGET_BUILD_DIR}/${FRAMEWORKS_FOLDER_PATH}/MJRefresh.framework",
				"${TARGET_BUILD_DIR}/${FRAMEWORKS_FOLDER_PATH}/Player.framework",
				"${TARGET_BUILD_DIR}/${FRAMEWORKS_FOLDER_PATH}/SwiftyJSON.framework",
			);
			runOnlyForDeploymentPostprocessing = 0;
			shellPath = /bin/sh;
			shellScript = "\"${PODS_ROOT}/Target Support Files/Pods-EnolaGay_Example/Pods-EnolaGay_Example-frameworks.sh\"\n";
			showEnvVarsInLog = 0;
		};
/* End PBXShellScriptBuildPhase section */

/* Begin PBXSourcesBuildPhase section */
		607FACCC1AFB9204008FA782 /* Sources */ = {
			isa = PBXSourcesBuildPhase;
			buildActionMask = 2147483647;
			files = (
				8B491DA9269874F200BA782C /* CastSurelyCalculationViewCtrl.swift in Sources */,
				8B372D26268FFA9C004840FC /* HPickerViewCtrl.swift in Sources */,
				607FACD81AFB9204008FA782 /* ViewController.swift in Sources */,
				8BBD55362670AE8C00C7B48E /* VideoCell.swift in Sources */,
				8B4A4DE5266E0E8F007D6DC5 /* NavigatinMainViewCtrl.swift in Sources */,
				8B372D24268FFA2E004840FC /* HPicker.swift in Sources */,
				8BD8C6952628636B006738E6 /* TestCollectionRefreshCollectionViewCtrl.swift in Sources */,
				8B81AA1F261EEF85003A194B /* KeyBoardPopUpViewCtrl.swift in Sources */,
				8B76429025A702C400A418F8 /* AppConfigs.swift in Sources */,
				8B1AA67325A74AE60063BE04 /* JudyLivePageViewTest.swift in Sources */,
				8B4A4DED266F0C3F007D6DC5 /* DouYonHomeViewCtrl.swift in Sources */,
				8B76429625A7036500A418F8 /* ApiTestViewCtrl.swift in Sources */,
				8B0B90AB262832830059B992 /* TestTableRefreshTableViewCtrl.swift in Sources */,
				8BB8861E265CF30A00E8836D /* GiftMessageViewCtrlTest.swift in Sources */,
				607FACD61AFB9204008FA782 /* AppDelegate.swift in Sources */,
				8BBD55322670A0C900C7B48E /* MyPlayerViewCtrl.swift in Sources */,
				8B372D1D268EA105004840FC /* MandolineViewController.swift in Sources */,
				8BA9AA01260EDAAC008B1803 /* AttributedStringViewController.swift in Sources */,
				8B1AA68025A74C1B0063BE04 /* LiveModelViewCtrl.swift in Sources */,
				8BFCC83E25E39725000B1611 /* VerticalScrollViewCtrl.swift in Sources */,
			);
			runOnlyForDeploymentPostprocessing = 0;
		};
		607FACE11AFB9204008FA782 /* Sources */ = {
			isa = PBXSourcesBuildPhase;
			buildActionMask = 2147483647;
			files = (
				607FACEC1AFB9204008FA782 /* Tests.swift in Sources */,
				8B1AA67425A74AE60063BE04 /* JudyLivePageViewTest.swift in Sources */,
				8B1AA68125A74C1B0063BE04 /* LiveModelViewCtrl.swift in Sources */,
			);
			runOnlyForDeploymentPostprocessing = 0;
		};
/* End PBXSourcesBuildPhase section */

/* Begin PBXTargetDependency section */
		607FACE71AFB9204008FA782 /* PBXTargetDependency */ = {
			isa = PBXTargetDependency;
			target = 607FACCF1AFB9204008FA782 /* EnolaGay_Example */;
			targetProxy = 607FACE61AFB9204008FA782 /* PBXContainerItemProxy */;
		};
/* End PBXTargetDependency section */

/* Begin PBXVariantGroup section */
		607FACD91AFB9204008FA782 /* Main.storyboard */ = {
			isa = PBXVariantGroup;
			children = (
				607FACDA1AFB9204008FA782 /* Base */,
			);
			name = Main.storyboard;
			sourceTree = "<group>";
		};
		607FACDE1AFB9204008FA782 /* LaunchScreen.xib */ = {
			isa = PBXVariantGroup;
			children = (
				607FACDF1AFB9204008FA782 /* Base */,
			);
			name = LaunchScreen.xib;
			sourceTree = "<group>";
		};
/* End PBXVariantGroup section */

/* Begin XCBuildConfiguration section */
		607FACED1AFB9204008FA782 /* Debug */ = {
			isa = XCBuildConfiguration;
			buildSettings = {
				ALWAYS_SEARCH_USER_PATHS = NO;
				CLANG_ANALYZER_LOCALIZABILITY_NONLOCALIZED = YES;
				CLANG_CXX_LANGUAGE_STANDARD = "gnu++0x";
				CLANG_CXX_LIBRARY = "libc++";
				CLANG_ENABLE_MODULES = YES;
				CLANG_ENABLE_OBJC_ARC = YES;
				CLANG_WARN_BLOCK_CAPTURE_AUTORELEASING = YES;
				CLANG_WARN_BOOL_CONVERSION = YES;
				CLANG_WARN_COMMA = YES;
				CLANG_WARN_CONSTANT_CONVERSION = YES;
				CLANG_WARN_DEPRECATED_OBJC_IMPLEMENTATIONS = YES;
				CLANG_WARN_DIRECT_OBJC_ISA_USAGE = YES_ERROR;
				CLANG_WARN_EMPTY_BODY = YES;
				CLANG_WARN_ENUM_CONVERSION = YES;
				CLANG_WARN_INFINITE_RECURSION = YES;
				CLANG_WARN_INT_CONVERSION = YES;
				CLANG_WARN_NON_LITERAL_NULL_CONVERSION = YES;
				CLANG_WARN_OBJC_IMPLICIT_RETAIN_SELF = YES;
				CLANG_WARN_OBJC_LITERAL_CONVERSION = YES;
				CLANG_WARN_OBJC_ROOT_CLASS = YES_ERROR;
				CLANG_WARN_QUOTED_INCLUDE_IN_FRAMEWORK_HEADER = YES;
				CLANG_WARN_RANGE_LOOP_ANALYSIS = YES;
				CLANG_WARN_STRICT_PROTOTYPES = YES;
				CLANG_WARN_SUSPICIOUS_MOVE = YES;
				CLANG_WARN_UNREACHABLE_CODE = YES;
				CLANG_WARN__DUPLICATE_METHOD_MATCH = YES;
				"CODE_SIGN_IDENTITY[sdk=iphoneos*]" = "iPhone Developer";
				COPY_PHASE_STRIP = NO;
				DEBUG_INFORMATION_FORMAT = "dwarf-with-dsym";
				ENABLE_STRICT_OBJC_MSGSEND = YES;
				ENABLE_TESTABILITY = YES;
				GCC_C_LANGUAGE_STANDARD = gnu99;
				GCC_DYNAMIC_NO_PIC = NO;
				GCC_NO_COMMON_BLOCKS = YES;
				GCC_OPTIMIZATION_LEVEL = 0;
				GCC_PREPROCESSOR_DEFINITIONS = (
					"DEBUG=1",
					"$(inherited)",
				);
				GCC_SYMBOLS_PRIVATE_EXTERN = NO;
				GCC_WARN_64_TO_32_BIT_CONVERSION = YES;
				GCC_WARN_ABOUT_RETURN_TYPE = YES_ERROR;
				GCC_WARN_UNDECLARED_SELECTOR = YES;
				GCC_WARN_UNINITIALIZED_AUTOS = YES_AGGRESSIVE;
				GCC_WARN_UNUSED_FUNCTION = YES;
				GCC_WARN_UNUSED_VARIABLE = YES;
				IPHONEOS_DEPLOYMENT_TARGET = 13.0;
				MTL_ENABLE_DEBUG_INFO = YES;
				ONLY_ACTIVE_ARCH = YES;
				SDKROOT = iphoneos;
				SWIFT_OPTIMIZATION_LEVEL = "-Onone";
			};
			name = Debug;
		};
		607FACEE1AFB9204008FA782 /* Release */ = {
			isa = XCBuildConfiguration;
			buildSettings = {
				ALWAYS_SEARCH_USER_PATHS = NO;
				CLANG_ANALYZER_LOCALIZABILITY_NONLOCALIZED = YES;
				CLANG_CXX_LANGUAGE_STANDARD = "gnu++0x";
				CLANG_CXX_LIBRARY = "libc++";
				CLANG_ENABLE_MODULES = YES;
				CLANG_ENABLE_OBJC_ARC = YES;
				CLANG_WARN_BLOCK_CAPTURE_AUTORELEASING = YES;
				CLANG_WARN_BOOL_CONVERSION = YES;
				CLANG_WARN_COMMA = YES;
				CLANG_WARN_CONSTANT_CONVERSION = YES;
				CLANG_WARN_DEPRECATED_OBJC_IMPLEMENTATIONS = YES;
				CLANG_WARN_DIRECT_OBJC_ISA_USAGE = YES_ERROR;
				CLANG_WARN_EMPTY_BODY = YES;
				CLANG_WARN_ENUM_CONVERSION = YES;
				CLANG_WARN_INFINITE_RECURSION = YES;
				CLANG_WARN_INT_CONVERSION = YES;
				CLANG_WARN_NON_LITERAL_NULL_CONVERSION = YES;
				CLANG_WARN_OBJC_IMPLICIT_RETAIN_SELF = YES;
				CLANG_WARN_OBJC_LITERAL_CONVERSION = YES;
				CLANG_WARN_OBJC_ROOT_CLASS = YES_ERROR;
				CLANG_WARN_QUOTED_INCLUDE_IN_FRAMEWORK_HEADER = YES;
				CLANG_WARN_RANGE_LOOP_ANALYSIS = YES;
				CLANG_WARN_STRICT_PROTOTYPES = YES;
				CLANG_WARN_SUSPICIOUS_MOVE = YES;
				CLANG_WARN_UNREACHABLE_CODE = YES;
				CLANG_WARN__DUPLICATE_METHOD_MATCH = YES;
				"CODE_SIGN_IDENTITY[sdk=iphoneos*]" = "iPhone Developer";
				COPY_PHASE_STRIP = NO;
				DEBUG_INFORMATION_FORMAT = "dwarf-with-dsym";
				ENABLE_NS_ASSERTIONS = NO;
				ENABLE_STRICT_OBJC_MSGSEND = YES;
				GCC_C_LANGUAGE_STANDARD = gnu99;
				GCC_NO_COMMON_BLOCKS = YES;
				GCC_WARN_64_TO_32_BIT_CONVERSION = YES;
				GCC_WARN_ABOUT_RETURN_TYPE = YES_ERROR;
				GCC_WARN_UNDECLARED_SELECTOR = YES;
				GCC_WARN_UNINITIALIZED_AUTOS = YES_AGGRESSIVE;
				GCC_WARN_UNUSED_FUNCTION = YES;
				GCC_WARN_UNUSED_VARIABLE = YES;
				IPHONEOS_DEPLOYMENT_TARGET = 13.0;
				MTL_ENABLE_DEBUG_INFO = NO;
				SDKROOT = iphoneos;
				SWIFT_OPTIMIZATION_LEVEL = "-Owholemodule";
				VALIDATE_PRODUCT = YES;
			};
			name = Release;
		};
		607FACF01AFB9204008FA782 /* Debug */ = {
			isa = XCBuildConfiguration;
			baseConfigurationReference = 23F1A9FFE10BA8A787D6AA62 /* Pods-EnolaGay_Example.debug.xcconfig */;
			buildSettings = {
				ASSETCATALOG_COMPILER_APPICON_NAME = AppIcon;
				DEVELOPMENT_TEAM = 325J3J39TM;
				INFOPLIST_FILE = EnolaGay/Info.plist;
				IPHONEOS_DEPLOYMENT_TARGET = 13.0;
				LD_RUNPATH_SEARCH_PATHS = "$(inherited) @executable_path/Frameworks";
				MODULE_NAME = ExampleApp;
				PRODUCT_BUNDLE_IDENTIFIER = org.cocoapods.demo.EnolaGay;
				PRODUCT_NAME = "$(TARGET_NAME)";
				SWIFT_SWIFT3_OBJC_INFERENCE = Default;
				SWIFT_VERSION = 5.0;
			};
			name = Debug;
		};
		607FACF11AFB9204008FA782 /* Release */ = {
			isa = XCBuildConfiguration;
			baseConfigurationReference = CD1DE04F1997751A15C4B0A0 /* Pods-EnolaGay_Example.release.xcconfig */;
			buildSettings = {
				ASSETCATALOG_COMPILER_APPICON_NAME = AppIcon;
				DEVELOPMENT_TEAM = 325J3J39TM;
				INFOPLIST_FILE = EnolaGay/Info.plist;
				IPHONEOS_DEPLOYMENT_TARGET = 13.0;
				LD_RUNPATH_SEARCH_PATHS = "$(inherited) @executable_path/Frameworks";
				MODULE_NAME = ExampleApp;
				PRODUCT_BUNDLE_IDENTIFIER = org.cocoapods.demo.EnolaGay;
				PRODUCT_NAME = "$(TARGET_NAME)";
				SWIFT_SWIFT3_OBJC_INFERENCE = Default;
				SWIFT_VERSION = 5.0;
			};
			name = Release;
		};
		607FACF31AFB9204008FA782 /* Debug */ = {
			isa = XCBuildConfiguration;
			baseConfigurationReference = F610A598021A3B0C943B999E /* Pods-EnolaGay_Tests.debug.xcconfig */;
			buildSettings = {
				DEVELOPMENT_TEAM = 325J3J39TM;
				FRAMEWORK_SEARCH_PATHS = (
					"$(PLATFORM_DIR)/Developer/Library/Frameworks",
					"$(inherited)",
				);
				GCC_PREPROCESSOR_DEFINITIONS = (
					"DEBUG=1",
					"$(inherited)",
				);
				INFOPLIST_FILE = Tests/Info.plist;
				LD_RUNPATH_SEARCH_PATHS = "$(inherited) @executable_path/Frameworks @loader_path/Frameworks";
				PRODUCT_BUNDLE_IDENTIFIER = "org.cocoapods.$(PRODUCT_NAME:rfc1034identifier)";
				PRODUCT_NAME = "$(TARGET_NAME)";
				SWIFT_SWIFT3_OBJC_INFERENCE = Default;
				SWIFT_VERSION = 5.0;
				TEST_HOST = "$(BUILT_PRODUCTS_DIR)/EnolaGay_Example.app/EnolaGay_Example";
			};
			name = Debug;
		};
		607FACF41AFB9204008FA782 /* Release */ = {
			isa = XCBuildConfiguration;
			baseConfigurationReference = 505B9E48BD5047D8ED862E68 /* Pods-EnolaGay_Tests.release.xcconfig */;
			buildSettings = {
				DEVELOPMENT_TEAM = 325J3J39TM;
				FRAMEWORK_SEARCH_PATHS = (
					"$(PLATFORM_DIR)/Developer/Library/Frameworks",
					"$(inherited)",
				);
				INFOPLIST_FILE = Tests/Info.plist;
				LD_RUNPATH_SEARCH_PATHS = "$(inherited) @executable_path/Frameworks @loader_path/Frameworks";
				PRODUCT_BUNDLE_IDENTIFIER = "org.cocoapods.$(PRODUCT_NAME:rfc1034identifier)";
				PRODUCT_NAME = "$(TARGET_NAME)";
				SWIFT_SWIFT3_OBJC_INFERENCE = Default;
				SWIFT_VERSION = 5.0;
				TEST_HOST = "$(BUILT_PRODUCTS_DIR)/EnolaGay_Example.app/EnolaGay_Example";
			};
			name = Release;
		};
/* End XCBuildConfiguration section */

/* Begin XCConfigurationList section */
		607FACCB1AFB9204008FA782 /* Build configuration list for PBXProject "EnolaGay" */ = {
			isa = XCConfigurationList;
			buildConfigurations = (
				607FACED1AFB9204008FA782 /* Debug */,
				607FACEE1AFB9204008FA782 /* Release */,
			);
			defaultConfigurationIsVisible = 0;
			defaultConfigurationName = Release;
		};
		607FACEF1AFB9204008FA782 /* Build configuration list for PBXNativeTarget "EnolaGay_Example" */ = {
			isa = XCConfigurationList;
			buildConfigurations = (
				607FACF01AFB9204008FA782 /* Debug */,
				607FACF11AFB9204008FA782 /* Release */,
			);
			defaultConfigurationIsVisible = 0;
			defaultConfigurationName = Release;
		};
		607FACF21AFB9204008FA782 /* Build configuration list for PBXNativeTarget "EnolaGay_Tests" */ = {
			isa = XCConfigurationList;
			buildConfigurations = (
				607FACF31AFB9204008FA782 /* Debug */,
				607FACF41AFB9204008FA782 /* Release */,
			);
			defaultConfigurationIsVisible = 0;
			defaultConfigurationName = Release;
		};
/* End XCConfigurationList section */
	};
	rootObject = 607FACC81AFB9204008FA782 /* Project object */;
}
