PODS:
  - Alamofire (4.9.1)
  - Cache (6.0.0)
  - EnolaGay (3.7.7):
    - EnolaGay/EMERANA (= 3.7.7)
  - EnolaGay/CircularProgressView (3.7.7)
  - EnolaGay/EMERANA (3.7.7):
    - SwiftyJSON
  - EnolaGay/FileManager (3.7.7):
    - EnolaGay/EMERANA
  - EnolaGay/GiftMessageCtrlPanel (3.7.7)
  - EnolaGay/HPickerView (3.7.7):
    - EnolaGay/EMERANA
  - EnolaGay/JudyPopBubble (3.7.7)
  - EnolaGay/JudyWaterWaveView (3.7.7)
  - EnolaGay/MarqueeView (3.7.7)
  - EnolaGay/SearchViewCtrl (3.7.7):
    - EnolaGay/EMERANA
  - EnolaGay/SegmentedView (3.7.7):
    - EnolaGay/EMERANA
  - EnolaGay/TextFieldEffects (3.7.7):
    - EnolaGay/EMERANA
  - MJRefresh (3.5.0)
  - Player (0.14.0)
  - SwiftyJSON (5.0.1)

DEPENDENCIES:
  - Alamofire (~> 4.9.0)
  - Cache
  - EnolaGay (from `../`)
  - EnolaGay/CircularProgressView (from `../`)
  - EnolaGay/FileManager (from `../`)
  - EnolaGay/GiftMessageCtrlPanel (from `../`)
  - EnolaGay/HPickerView (from `../`)
  - EnolaGay/JudyPopBubble (from `../`)
  - EnolaGay/JudyWaterWaveView (from `../`)
  - EnolaGay/MarqueeView (from `../`)
  - EnolaGay/SearchViewCtrl (from `../`)
  - EnolaGay/SegmentedView (from `../`)
  - EnolaGay/TextFieldEffects (from `../`)
  - MJRefresh
  - Player

SPEC REPOS:
  https://github.com/CocoaPods/Specs.git:
    - SwiftyJSON
  trunk:
    - Alamofire
    - Cache
    - MJRefresh
    - Player

EXTERNAL SOURCES:
  EnolaGay:
    :path: "../"

SPEC CHECKSUMS:
  Alamofire: 85e8a02c69d6020a0d734f6054870d7ecb75cf18
  Cache: 4ca7e00363fca5455f26534e5607634c820ffc2d
  EnolaGay: c6ed74a376c69ff34b079d5cd5193675c8ab3615
  MJRefresh: 6afc955813966afb08305477dd7a0d9ad5e79a16
  Player: 37e0acc16ea1495fc241df88fe9f089367513331
  SwiftyJSON: 2f33a42c6fbc52764d96f13368585094bfd8aa5e

PODFILE CHECKSUM: 139dad850f468e04ae4d993560dc7a320d8407f8

COCOAPODS: 1.10.2
