PODS:
  - Alamofire (4.9.1)
  - Cache (6.0.0)
  - EnolaGay (2.5.4):
    - SwiftyJSON
  - MJRefresh (3.5.0)
  - SwiftyJSON (5.0.0)

DEPENDENCIES:
  - Alamofire (~> 4.9.0)
  - Cache
  - EnolaGay (from `../`)
  - MJRefresh

SPEC REPOS:
  trunk:
    - Alamofire
    - Cache
    - MJRefresh
    - SwiftyJSON

EXTERNAL SOURCES:
  EnolaGay:
    :path: "../"

SPEC CHECKSUMS:
  Alamofire: 85e8a02c69d6020a0d734f6054870d7ecb75cf18
  Cache: 4ca7e00363fca5455f26534e5607634c820ffc2d
  EnolaGay: 82e07e264bb18bbc2da96ee64778a59725e1a73b
  MJRefresh: 6afc955813966afb08305477dd7a0d9ad5e79a16
  SwiftyJSON: 36413e04c44ee145039d332b4f4e2d3e8d6c4db7

PODFILE CHECKSUM: c02b159869eed012620f5843904d67168ab90cca

COCOAPODS: 1.10.1
